// !$*UTF8*$!
{
	archiveVersion = 1;
	classes = {
	};
	objectVersion = 50;
	objects = {

/* Begin PBXBuildFile section */
		FF0117B02175D5340054A246 /* AppDelegate.swift in Sources */ = {isa = PBXBuildFile; fileRef = FF0117AF2175D5340054A246 /* AppDelegate.swift */; };
		FF0117B22175D5340054A246 /* art.scnassets in Resources */ = {isa = PBXBuildFile; fileRef = FF0117B12175D5340054A246 /* art.scnassets */; };
		FF0117B42175D5340054A246 /* ViewController.swift in Sources */ = {isa = PBXBuildFile; fileRef = FF0117B32175D5340054A246 /* ViewController.swift */; };
		FF0117B72175D5340054A246 /* Main.storyboard in Resources */ = {isa = PBXBuildFile; fileRef = FF0117B52175D5340054A246 /* Main.storyboard */; };
		FF0117B92175D5390054A246 /* Assets.xcassets in Resources */ = {isa = PBXBuildFile; fileRef = FF0117B82175D5390054A246 /* Assets.xcassets */; };
		FF0117BC2175D5390054A246 /* LaunchScreen.storyboard in Resources */ = {isa = PBXBuildFile; fileRef = FF0117BA2175D5390054A246 /* LaunchScreen.storyboard */; };
		FF0117C52175D9030054A246 /* CoreLocation.framework in Frameworks */ = {isa = PBXBuildFile; fileRef = FF0117C42175D9030054A246 /* CoreLocation.framework */; };
		FF09EC2421778534007FFC9D /* Vincenty.swift in Sources */ = {isa = PBXBuildFile; fileRef = FF09EC2321778534007FFC9D /* Vincenty.swift */; };
/* End PBXBuildFile section */

/* Begin PBXFileReference section */
		FF0117AC2175D5340054A246 /* ARET.app */ = {isa = PBXFileReference; explicitFileType = wrapper.application; includeInIndex = 0; path = ARET.app; sourceTree = BUILT_PRODUCTS_DIR; };
		FF0117AF2175D5340054A246 /* AppDelegate.swift */ = {isa = PBXFileReference; lastKnownFileType = sourcecode.swift; path = AppDelegate.swift; sourceTree = "<group>"; };
		FF0117B12175D5340054A246 /* art.scnassets */ = {isa = PBXFileReference; lastKnownFileType = wrapper.scnassets; path = art.scnassets; sourceTree = "<group>"; };
		FF0117B32175D5340054A246 /* ViewController.swift */ = {isa = PBXFileReference; lastKnownFileType = sourcecode.swift; path = ViewController.swift; sourceTree = "<group>"; };
		FF0117B62175D5340054A246 /* Base */ = {isa = PBXFileReference; lastKnownFileType = file.storyboard; name = Base; path = Base.lproj/Main.storyboard; sourceTree = "<group>"; };
		FF0117B82175D5390054A246 /* Assets.xcassets */ = {isa = PBXFileReference; lastKnownFileType = folder.assetcatalog; path = Assets.xcassets; sourceTree = "<group>"; };
		FF0117BB2175D5390054A246 /* Base */ = {isa = PBXFileReference; lastKnownFileType = file.storyboard; name = Base; path = Base.lproj/LaunchScreen.storyboard; sourceTree = "<group>"; };
		FF0117BD2175D5390054A246 /* Info.plist */ = {isa = PBXFileReference; lastKnownFileType = text.plist.xml; path = Info.plist; sourceTree = "<group>"; };
		FF0117C42175D9030054A246 /* CoreLocation.framework */ = {isa = PBXFileReference; lastKnownFileType = wrapper.framework; name = CoreLocation.framework; path = System/Library/Frameworks/CoreLocation.framework; sourceTree = SDKROOT; };
		FF09EC2321778534007FFC9D /* Vincenty.swift */ = {isa = PBXFileReference; lastKnownFileType = sourcecode.swift; path = Vincenty.swift; sourceTree = "<group>"; };
/* End PBXFileReference section */

/* Begin PBXFrameworksBuildPhase section */
		FF0117A92175D5340054A246 /* Frameworks */ = {
			isa = PBXFrameworksBuildPhase;
			buildActionMask = 2147483647;
			files = (
				FF0117C52175D9030054A246 /* CoreLocation.framework in Frameworks */,
			);
			runOnlyForDeploymentPostprocessing = 0;
		};
/* End PBXFrameworksBuildPhase section */

/* Begin PBXGroup section */
		FF0117A32175D5340054A246 = {
			isa = PBXGroup;
			children = (
				FF0117AE2175D5340054A246 /* ARET */,
				FF0117AD2175D5340054A246 /* Products */,
				FF0117C32175D9030054A246 /* Frameworks */,
			);
			sourceTree = "<group>";
		};
		FF0117AD2175D5340054A246 /* Products */ = {
			isa = PBXGroup;
			children = (
				FF0117AC2175D5340054A246 /* ARET.app */,
			);
			name = Products;
			sourceTree = "<group>";
		};
		FF0117AE2175D5340054A246 /* ARET */ = {
			isa = PBXGroup;
			children = (
				FF0117AF2175D5340054A246 /* AppDelegate.swift */,
				FF0117B12175D5340054A246 /* art.scnassets */,
				FF0117B32175D5340054A246 /* ViewController.swift */,
				FF0117B52175D5340054A246 /* Main.storyboard */,
				FF0117B82175D5390054A246 /* Assets.xcassets */,
				FF0117BA2175D5390054A246 /* LaunchScreen.storyboard */,
				FF0117BD2175D5390054A246 /* Info.plist */,
				FF09EC2321778534007FFC9D /* Vincenty.swift */,
			);
			path = ARET;
			sourceTree = "<group>";
		};
		FF0117C32175D9030054A246 /* Frameworks */ = {
			isa = PBXGroup;
			children = (
				FF0117C42175D9030054A246 /* CoreLocation.framework */,
			);
			name = Frameworks;
			sourceTree = "<group>";
		};
/* End PBXGroup section */

/* Begin PBXNativeTarget section */
		FF0117AB2175D5340054A246 /* ARET */ = {
			isa = PBXNativeTarget;
			buildConfigurationList = FF0117C02175D5390054A246 /* Build configuration list for PBXNativeTarget "ARET" */;
			buildPhases = (
				FF0117A82175D5340054A246 /* Sources */,
				FF0117A92175D5340054A246 /* Frameworks */,
				FF0117AA2175D5340054A246 /* Resources */,
			);
			buildRules = (
			);
			dependencies = (
			);
			name = ARET;
			productName = ARET;
			productReference = FF0117AC2175D5340054A246 /* ARET.app */;
			productType = "com.apple.product-type.application";
		};
/* End PBXNativeTarget section */

/* Begin PBXProject section */
		FF0117A42175D5340054A246 /* Project object */ = {
			isa = PBXProject;
			attributes = {
				LastSwiftUpdateCheck = 1000;
				LastUpgradeCheck = 1000;
				ORGANIZATIONNAME = "落合裕也";
				TargetAttributes = {
					FF0117AB2175D5340054A246 = {
						CreatedOnToolsVersion = 10.0;
					};
				};
			};
			buildConfigurationList = FF0117A72175D5340054A246 /* Build configuration list for PBXProject "ARET" */;
			compatibilityVersion = "Xcode 9.3";
			developmentRegion = en;
			hasScannedForEncodings = 0;
			knownRegions = (
				en,
				Base,
			);
			mainGroup = FF0117A32175D5340054A246;
			productRefGroup = FF0117AD2175D5340054A246 /* Products */;
			projectDirPath = "";
			projectRoot = "";
			targets = (
				FF0117AB2175D5340054A246 /* ARET */,
			);
		};
/* End PBXProject section */

/* Begin PBXResourcesBuildPhase section */
		FF0117AA2175D5340054A246 /* Resources */ = {
			isa = PBXResourcesBuildPhase;
			buildActionMask = 2147483647;
			files = (
				FF0117B22175D5340054A246 /* art.scnassets in Resources */,
				FF0117BC2175D5390054A246 /* LaunchScreen.storyboard in Resources */,
				FF0117B92175D5390054A246 /* Assets.xcassets in Resources */,
				FF0117B72175D5340054A246 /* Main.storyboard in Resources */,
			);
			runOnlyForDeploymentPostprocessing = 0;
		};
/* End PBXResourcesBuildPhase section */

/* Begin PBXSourcesBuildPhase section */
		FF0117A82175D5340054A246 /* Sources */ = {
			isa = PBXSourcesBuildPhase;
			buildActionMask = 2147483647;
			files = (
				FF09EC2421778534007FFC9D /* Vincenty.swift in Sources */,
				FF0117B42175D5340054A246 /* ViewController.swift in Sources */,
				FF0117B02175D5340054A246 /* AppDelegate.swift in Sources */,
			);
			runOnlyForDeploymentPostprocessing = 0;
		};
/* End PBXSourcesBuildPhase section */

/* Begin PBXVariantGroup section */
		FF0117B52175D5340054A246 /* Main.storyboard */ = {
			isa = PBXVariantGroup;
			children = (
				FF0117B62175D5340054A246 /* Base */,
			);
			name = Main.storyboard;
			sourceTree = "<group>";
		};
		FF0117BA2175D5390054A246 /* LaunchScreen.storyboard */ = {
			isa = PBXVariantGroup;
			children = (
				FF0117BB2175D5390054A246 /* Base */,
			);
			name = LaunchScreen.storyboard;
			sourceTree = "<group>";
		};
/* End PBXVariantGroup section */

/* Begin XCBuildConfiguration section */
		FF0117BE2175D5390054A246 /* Debug */ = {
			isa = XCBuildConfiguration;
			buildSettings = {
				ALWAYS_SEARCH_USER_PATHS = NO;
				CLANG_ANALYZER_NONNULL = YES;
				CLANG_ANALYZER_NUMBER_OBJECT_CONVERSION = YES_AGGRESSIVE;
				CLANG_CXX_LANGUAGE_STANDARD = "gnu++14";
				CLANG_CXX_LIBRARY = "libc++";
				CLANG_ENABLE_MODULES = YES;
				CLANG_ENABLE_OBJC_ARC = YES;
				CLANG_ENABLE_OBJC_WEAK = YES;
				CLANG_WARN_BLOCK_CAPTURE_AUTORELEASING = YES;
				CLANG_WARN_BOOL_CONVERSION = YES;
				CLANG_WARN_COMMA = YES;
				CLANG_WARN_CONSTANT_CONVERSION = YES;
				CLANG_WARN_DEPRECATED_OBJC_IMPLEMENTATIONS = YES;
				CLANG_WARN_DIRECT_OBJC_ISA_USAGE = YES_ERROR;
				CLANG_WARN_DOCUMENTATION_COMMENTS = YES;
				CLANG_WARN_EMPTY_BODY = YES;
				CLANG_WARN_ENUM_CONVERSION = YES;
				CLANG_WARN_INFINITE_RECURSION = YES;
				CLANG_WARN_INT_CONVERSION = YES;
				CLANG_WARN_NON_LITERAL_NULL_CONVERSION = YES;
				CLANG_WARN_OBJC_IMPLICIT_RETAIN_SELF = YES;
				CLANG_WARN_OBJC_LITERAL_CONVERSION = YES;
				CLANG_WARN_OBJC_ROOT_CLASS = YES_ERROR;
				CLANG_WARN_RANGE_LOOP_ANALYSIS = YES;
				CLANG_WARN_STRICT_PROTOTYPES = YES;
				CLANG_WARN_SUSPICIOUS_MOVE = YES;
				CLANG_WARN_UNGUARDED_AVAILABILITY = YES_AGGRESSIVE;
				CLANG_WARN_UNREACHABLE_CODE = YES;
				CLANG_WARN__DUPLICATE_METHOD_MATCH = YES;
				CODE_SIGN_IDENTITY = "iPhone Developer";
				COPY_PHASE_STRIP = NO;
				DEBUG_INFORMATION_FORMAT = dwarf;
				ENABLE_STRICT_OBJC_MSGSEND = YES;
				ENABLE_TESTABILITY = YES;
				GCC_C_LANGUAGE_STANDARD = gnu11;
				GCC_DYNAMIC_NO_PIC = NO;
				GCC_NO_COMMON_BLOCKS = YES;
				GCC_OPTIMIZATION_LEVEL = 0;
				GCC_PREPROCESSOR_DEFINITIONS = (
					"DEBUG=1",
					"$(inherited)",
				);
				GCC_WARN_64_TO_32_BIT_CONVERSION = YES;
				GCC_WARN_ABOUT_RETURN_TYPE = YES_ERROR;
				GCC_WARN_UNDECLARED_SELECTOR = YES;
				GCC_WARN_UNINITIALIZED_AUTOS = YES_AGGRESSIVE;
				GCC_WARN_UNUSED_FUNCTION = YES;
				GCC_WARN_UNUSED_VARIABLE = YES;
				IPHONEOS_DEPLOYMENT_TARGET = 12.0;
				MTL_ENABLE_DEBUG_INFO = INCLUDE_SOURCE;
				MTL_FAST_MATH = YES;
				ONLY_ACTIVE_ARCH = YES;
				SDKROOT = iphoneos;
				SWIFT_ACTIVE_COMPILATION_CONDITIONS = DEBUG;
				SWIFT_OPTIMIZATION_LEVEL = "-Onone";
			};
			name = Debug;
		};
		FF0117BF2175D5390054A246 /* Release */ = {
			isa = XCBuildConfiguration;
			buildSettings = {
				ALWAYS_SEARCH_USER_PATHS = NO;
				CLANG_ANALYZER_NONNULL = YES;
				CLANG_ANALYZER_NUMBER_OBJECT_CONVERSION = YES_AGGRESSIVE;
				CLANG_CXX_LANGUAGE_STANDARD = "gnu++14";
				CLANG_CXX_LIBRARY = "libc++";
				CLANG_ENABLE_MODULES = YES;
				CLANG_ENABLE_OBJC_ARC = YES;
				CLANG_ENABLE_OBJC_WEAK = YES;
				CLANG_WARN_BLOCK_CAPTURE_AUTORELEASING = YES;
				CLANG_WARN_BOOL_CONVERSION = YES;
				CLANG_WARN_COMMA = YES;
				CLANG_WARN_CONSTANT_CONVERSION = YES;
				CLANG_WARN_DEPRECATED_OBJC_IMPLEMENTATIONS = YES;
				CLANG_WARN_DIRECT_OBJC_ISA_USAGE = YES_ERROR;
				CLANG_WARN_DOCUMENTATION_COMMENTS = YES;
				CLANG_WARN_EMPTY_BODY = YES;
				CLANG_WARN_ENUM_CONVERSION = YES;
				CLANG_WARN_INFINITE_RECURSION = YES;
				CLANG_WARN_INT_CONVERSION = YES;
				CLANG_WARN_NON_LITERAL_NULL_CONVERSION = YES;
				CLANG_WARN_OBJC_IMPLICIT_RETAIN_SELF = YES;
				CLANG_WARN_OBJC_LITERAL_CONVERSION = YES;
				CLANG_WARN_OBJC_ROOT_CLASS = YES_ERROR;
				CLANG_WARN_RANGE_LOOP_ANALYSIS = YES;
				CLANG_WARN_STRICT_PROTOTYPES = YES;
				CLANG_WARN_SUSPICIOUS_MOVE = YES;
				CLANG_WARN_UNGUARDED_AVAILABILITY = YES_AGGRESSIVE;
				CLANG_WARN_UNREACHABLE_CODE = YES;
				CLANG_WARN__DUPLICATE_METHOD_MATCH = YES;
				CODE_SIGN_IDENTITY = "iPhone Developer";
				COPY_PHASE_STRIP = NO;
				DEBUG_INFORMATION_FORMAT = "dwarf-with-dsym";
				ENABLE_NS_ASSERTIONS = NO;
				ENABLE_STRICT_OBJC_MSGSEND = YES;
				GCC_C_LANGUAGE_STANDARD = gnu11;
				GCC_NO_COMMON_BLOCKS = YES;
				GCC_WARN_64_TO_32_BIT_CONVERSION = YES;
				GCC_WARN_ABOUT_RETURN_TYPE = YES_ERROR;
				GCC_WARN_UNDECLARED_SELECTOR = YES;
				GCC_WARN_UNINITIALIZED_AUTOS = YES_AGGRESSIVE;
				GCC_WARN_UNUSED_FUNCTION = YES;
				GCC_WARN_UNUSED_VARIABLE = YES;
				IPHONEOS_DEPLOYMENT_TARGET = 12.0;
				MTL_ENABLE_DEBUG_INFO = NO;
				MTL_FAST_MATH = YES;
				SDKROOT = iphoneos;
				SWIFT_COMPILATION_MODE = wholemodule;
				SWIFT_OPTIMIZATION_LEVEL = "-O";
				VALIDATE_PRODUCT = YES;
			};
			name = Release;
		};
		FF0117C12175D5390054A246 /* Debug */ = {
			isa = XCBuildConfiguration;
			buildSettings = {
				ASSETCATALOG_COMPILER_APPICON_NAME = AppIcon;
				CODE_SIGN_STYLE = Automatic;
				DEVELOPMENT_TEAM = THU24LT969;
				INFOPLIST_FILE = ARET/Info.plist;
				LD_RUNPATH_SEARCH_PATHS = (
					"$(inherited)",
					"@executable_path/Frameworks",
				);
				PRODUCT_BUNDLE_IDENTIFIER = org.toralab.ochiyu.ARET;
				PRODUCT_NAME = "$(TARGET_NAME)";
				SWIFT_VERSION = 4.2;
				TARGETED_DEVICE_FAMILY = "1,2";
			};
			name = Debug;
		};
		FF0117C22175D5390054A246 /* Release */ = {
			isa = XCBuildConfiguration;
			buildSettings = {
				ASSETCATALOG_COMPILER_APPICON_NAME = AppIcon;
				CODE_SIGN_STYLE = Automatic;
				DEVELOPMENT_TEAM = THU24LT969;
				INFOPLIST_FILE = ARET/Info.plist;
				LD_RUNPATH_SEARCH_PATHS = (
					"$(inherited)",
					"@executable_path/Frameworks",
				);
				PRODUCT_BUNDLE_IDENTIFIER = org.toralab.ochiyu.ARET;
				PRODUCT_NAME = "$(TARGET_NAME)";
				SWIFT_VERSION = 4.2;
				TARGETED_DEVICE_FAMILY = "1,2";
			};
			name = Release;
		};
/* End XCBuildConfiguration section */

/* Begin XCConfigurationList section */
		FF0117A72175D5340054A246 /* Build configuration list for PBXProject "ARET" */ = {
			isa = XCConfigurationList;
			buildConfigurations = (
				FF0117BE2175D5390054A246 /* Debug */,
				FF0117BF2175D5390054A246 /* Release */,
			);
			defaultConfigurationIsVisible = 0;
			defaultConfigurationName = Release;
		};
		FF0117C02175D5390054A246 /* Build configuration list for PBXNativeTarget "ARET" */ = {
			isa = XCConfigurationList;
			buildConfigurations = (
				FF0117C12175D5390054A246 /* Debug */,
				FF0117C22175D5390054A246 /* Release */,
			);
			defaultConfigurationIsVisible = 0;
			defaultConfigurationName = Release;
		};
/* End XCConfigurationList section */
	};
	rootObject = FF0117A42175D5340054A246 /* Project object */;
}
